
Microsoft Visual Studio Solution File, Format Version 12.00
# Visual Studio Version 16
VisualStudioVersion = 16.0.30114.105
MinimumVisualStudioVersion = 10.0.40219.1
Project("{FAE04EC0-301F-11D3-BF4B-00C04F79EFBC}") = "WpfApp1", "WpfApp1.csproj", "{D9788C96-845F-4DB5-990A-B7DD64AFA5C2}"
EndProject
Global
	GlobalSection(SolutionConfigurationPlatforms) = preSolution
		Debug|Any CPU = Debug|Any CPU
		Release|Any CPU = Release|Any CPU
	EndGlobalSection
	GlobalSection(ProjectConfigurationPlatforms) = postSolution
		{D9788C96-845F-4DB5-990A-B7DD64AFA5C2}.Debug|Any CPU.ActiveCfg = Debug|Any CPU
		{D9788C96-845F-4DB5-990A-B7DD64AFA5C2}.Debug|Any CPU.Build.0 = Debug|Any CPU
		{D9788C96-845F-4DB5-990A-B7DD64AFA5C2}.Release|Any CPU.ActiveCfg = Release|Any CPU
		{D9788C96-845F-4DB5-990A-B7DD64AFA5C2}.Release|Any CPU.Build.0 = Release|Any CPU
	EndGlobalSection
	GlobalSection(SolutionProperties) = preSolution
		HideSolutionNode = FALSE
	EndGlobalSection
	GlobalSection(ExtensibilityGlobals) = postSolution
		SolutionGuid = {83596685-7F02-49C7-A472-3CF7789AFF8A}
	EndGlobalSection
EndGlobal
